<?xml version="1.0" encoding="utf-8"?>
<Project ToolsVersion="4.0" xmlns="http://schemas.microsoft.com/developer/msbuild/2003">
  <ItemGroup>
    <Filter Include="Source Files">
      <UniqueIdentifier>{ec371daf-6195-44b6-9f5b-ac976449c6b1}</UniqueIdentifier>
      <Extensions>cpp;c;cxx;rc;def;r;odl;idl;hpj;bat</Extensions>
    </Filter>
    <Filter Include="Header Files">
      <UniqueIdentifier>{e9372946-b126-429e-bd4c-c2b837da23ad}</UniqueIdentifier>
      <Extensions>h;hpp;hxx;hm;inl</Extensions>
    </Filter>
    <Filter Include="Resource Files">
      <UniqueIdentifier>{44f653bb-5d69-43da-8f2a-a8364d8c48d9}</UniqueIdentifier>
      <Extensions>ico;cur;bmp;dlg;rc2;rct;bin;rgs;gif;jpg;jpeg;jpe</Extensions>
    </Filter>
  </ItemGroup>
  <ItemGroup>
    <ClCompile Include="cDMMapViewDialog.cpp">
      <Filter>Source Files</Filter>
    </ClCompile>
    <ClCompile Include="ColoredListCtrl.cpp">
      <Filter>Source Files</Filter>
    </ClCompile>
    <ClCompile Include="DM Helper Common.cpp">
      <Filter>Source Files</Filter>
    </ClCompile>
    <ClCompile Include="DM Helper.cpp">
      <Filter>Source Files</Filter>
    </ClCompile>
    <ClCompile Include="DM HelperDlg.cpp">
      <Filter>Source Files</Filter>
    </ClCompile>
    <ClCompile Include="DMAboutDialog.cpp">
      <Filter>Source Files</Filter>
    </ClCompile>
    <ClCompile Include="DMCalendarDialog.cpp">
      <Filter>Source Files</Filter>
    </ClCompile>
    <ClCompile Include="DMCastSpellDialog.cpp">
      <Filter>Source Files</Filter>
    </ClCompile>
    <ClCompile Include="DMCharacterNotesDialog.cpp">
      <Filter>Source Files</Filter>
    </ClCompile>
    <ClCompile Include="DMCharacterSelectorDialog.cpp">
      <Filter>Source Files</Filter>
    </ClCompile>
    <ClCompile Include="DMCharSheetDialog.cpp">
      <Filter>Source Files</Filter>
    </ClCompile>
    <ClCompile Include="DMCharSpellsDialog.cpp">
      <Filter>Source Files</Filter>
    </ClCompile>
    <ClCompile Include="DMCharViewDialog.cpp">
      <Filter>Source Files</Filter>
    </ClCompile>
    <ClCompile Include="DMContainerDetailsDialog.cpp">
      <Filter>Source Files</Filter>
    </ClCompile>
    <ClCompile Include="DMCustomArmorDialog.cpp">
      <Filter>Source Files</Filter>
    </ClCompile>
    <ClCompile Include="DMCustomItemsDialog.cpp">
      <Filter>Source Files</Filter>
    </ClCompile>
    <ClCompile Include="DMCustomMonsterDialog.cpp">
      <Filter>Source Files</Filter>
    </ClCompile>
    <ClCompile Include="DMCustomSpellDialog.cpp">
      <Filter>Source Files</Filter>
    </ClCompile>
    <ClCompile Include="DMDiceRollerDialog.cpp">
      <Filter>Source Files</Filter>
    </ClCompile>
    <ClCompile Include="DMDungeonMonsterDialog.cpp">
      <Filter>Source Files</Filter>
    </ClCompile>
    <ClCompile Include="DMEventLoggerDialog.cpp">
      <Filter>Source Files</Filter>
    </ClCompile>
    <ClCompile Include="DMHPEditDialog.cpp">
      <Filter>Source Files</Filter>
    </ClCompile>
    <ClCompile Include="DMInitiativeDialog.cpp">
      <Filter>Source Files</Filter>
    </ClCompile>
    <ClCompile Include="DMInputDialog.cpp">
      <Filter>Source Files</Filter>
    </ClCompile>
    <ClCompile Include="DMInventoryDialog.cpp">
      <Filter>Source Files</Filter>
    </ClCompile>
    <ClCompile Include="DMLanguageSelectDialog.cpp">
      <Filter>Source Files</Filter>
    </ClCompile>
    <ClCompile Include="DMLoadFileDialog.cpp">
      <Filter>Source Files</Filter>
    </ClCompile>
    <ClCompile Include="DMMagicSwordPropertiesDialog.cpp">
      <Filter>Source Files</Filter>
    </ClCompile>
    <ClCompile Include="DMMapEditDialog.cpp">
      <Filter>Source Files</Filter>
    </ClCompile>
    <ClCompile Include="DMModifyValueDialog.cpp">
      <Filter>Source Files</Filter>
    </ClCompile>
    <ClCompile Include="DMMundaneTypeSelectorDialog.cpp">
      <Filter>Source Files</Filter>
    </ClCompile>
    <ClCompile Include="DMNPCViewDialog.cpp">
      <Filter>Source Files</Filter>
    </ClCompile>
    <ClCompile Include="DMPartyDialog.cpp">
      <Filter>Source Files</Filter>
    </ClCompile>
    <ClCompile Include="DMPartyLogDialog.cpp">
      <Filter>Source Files</Filter>
    </ClCompile>
    <ClCompile Include="DMPCDetailsDialog.cpp">
      <Filter>Source Files</Filter>
    </ClCompile>
    <ClCompile Include="DMRandomEncounterDialog.cpp">
      <Filter>Source Files</Filter>
    </ClCompile>
    <ClCompile Include="DMSaveConfirmDialog.cpp">
      <Filter>Source Files</Filter>
    </ClCompile>
    <ClCompile Include="DMScrollDetailsDialog.cpp">
      <Filter>Source Files</Filter>
    </ClCompile>
    <ClCompile Include="DMSFXEditorDialog.cpp">
      <Filter>Source Files</Filter>
    </ClCompile>
    <ClCompile Include="DMSFXMapperDialog.cpp">
      <Filter>Source Files</Filter>
    </ClCompile>
    <ClCompile Include="DMSoundboardDialog.cpp">
      <Filter>Source Files</Filter>
    </ClCompile>
    <ClCompile Include="DMSoundFXDialog.cpp">
      <Filter>Source Files</Filter>
    </ClCompile>
    <ClCompile Include="DMSpellDescDialog.cpp">
      <Filter>Source Files</Filter>
    </ClCompile>
    <ClCompile Include="DMSpellSelectorDialog.cpp">
      <Filter>Source Files</Filter>
    </ClCompile>
    <ClCompile Include="DMStringSelectorDialog.cpp">
      <Filter>Source Files</Filter>
    </ClCompile>
    <ClCompile Include="DMSubPartyDialog.cpp">
      <Filter>Source Files</Filter>
    </ClCompile>
    <ClCompile Include="DMTimeEditDialog.cpp">
      <Filter>Source Files</Filter>
    </ClCompile>
    <ClCompile Include="DMTreasureTypeDialog.cpp">
      <Filter>Source Files</Filter>
    </ClCompile>
    <ClCompile Include="DungeonGen.cpp">
      <Filter>Source Files</Filter>
    </ClCompile>
    <ClCompile Include="StdAfx.cpp">
      <Filter>Source Files</Filter>
    </ClCompile>
    <ClCompile Include="TransparentListBox.cpp">
      <Filter>Source Files</Filter>
    </ClCompile>
    <ClCompile Include="DMCustomWeaponDialog.cpp">
      <Filter>Source Files</Filter>
    </ClCompile>
    <ClCompile Include="DMTestDialog.cpp">
      <Filter>Source Files</Filter>
    </ClCompile>
    <ClCompile Include="DMItemDescriptionDialog.cpp">
      <Filter>Source Files</Filter>
    </ClCompile>
    <ClCompile Include="DMFileManagementDialog.cpp">
      <Filter>Source Files</Filter>
    </ClCompile>
    <ClCompile Include="DMNPCPortraitSelectDialog.cpp">
      <Filter>Source Files</Filter>
    </ClCompile>
    <ClCompile Include="DMEditMapLayersDialog.cpp">
      <Filter>Source Files</Filter>
    </ClCompile>
    <ClCompile Include="cDMDetachedMapDialog.cpp">
      <Filter>Source Files</Filter>
    </ClCompile>
    <ClCompile Include="cDMMapSizingDialog.cpp">
      <Filter>Source Files</Filter>
    </ClCompile>
    <ClCompile Include="cDMMapNameDialog.cpp">
      <Filter>Source Files</Filter>
    </ClCompile>
    <ClCompile Include="ImageEx.cpp">
      <Filter>Source Files</Filter>
    </ClCompile>
    <ClCompile Include="cDMMapSFXDialog.cpp">
      <Filter>Source Files</Filter>
    </ClCompile>
    <ClCompile Include="cDMWeatherDialog.cpp">
      <Filter>Source Files</Filter>
    </ClCompile>
    <ClCompile Include="cDMPDFViewDialog.cpp">
      <Filter>Source Files</Filter>
    </ClCompile>
    <ClCompile Include="pdfviewerctrl1.cpp">
      <Filter>Source Files</Filter>
    </ClCompile>
    <ClCompile Include="cDMCharacterPortraitDialog.cpp">
      <Filter>Source Files</Filter>
    </ClCompile>
    <ClCompile Include="DMCustomClassDialog.cpp">
      <Filter>Source Files</Filter>
    </ClCompile>
  </ItemGroup>
  <ItemGroup>
    <ResourceCompile Include="DM Helper.rc">
      <Filter>Source Files</Filter>
    </ResourceCompile>
  </ItemGroup>
  <ItemGroup>
    <ClInclude Include="cDMMapViewDialog.h">
      <Filter>Header Files</Filter>
    </ClInclude>
    <ClInclude Include="ColoredListCtrl.h">
      <Filter>Header Files</Filter>
    </ClInclude>
    <ClInclude Include="DM Helper Common.h">
      <Filter>Header Files</Filter>
    </ClInclude>
    <ClInclude Include="DM Helper.h">
      <Filter>Header Files</Filter>
    </ClInclude>
    <ClInclude Include="DM HelperDlg.h">
      <Filter>Header Files</Filter>
    </ClInclude>
    <ClInclude Include="DMAboutDialog.h">
      <Filter>Header Files</Filter>
    </ClInclude>
    <ClInclude Include="DMCalendarDialog.h">
      <Filter>Header Files</Filter>
    </ClInclude>
    <ClInclude Include="DMCastSpellDialog.h">
      <Filter>Header Files</Filter>
    </ClInclude>
    <ClInclude Include="DMCharacterNotesDialog.h">
      <Filter>Header Files</Filter>
    </ClInclude>
    <ClInclude Include="DMCharacterSelectorDialog.h">
      <Filter>Header Files</Filter>
    </ClInclude>
    <ClInclude Include="DMCharSheetDialog.h">
      <Filter>Header Files</Filter>
    </ClInclude>
    <ClInclude Include="DMCharSpellsDialog.h">
      <Filter>Header Files</Filter>
    </ClInclude>
    <ClInclude Include="DMCharViewDialog.h">
      <Filter>Header Files</Filter>
    </ClInclude>
    <ClInclude Include="DMContainerDetailsDialog.h">
      <Filter>Header Files</Filter>
    </ClInclude>
    <ClInclude Include="DMCustomArmorDialog.h">
      <Filter>Header Files</Filter>
    </ClInclude>
    <ClInclude Include="DMCustomItemsDialog.h">
      <Filter>Header Files</Filter>
    </ClInclude>
    <ClInclude Include="DMCustomMonsterDialog.h">
      <Filter>Header Files</Filter>
    </ClInclude>
    <ClInclude Include="DMCustomSpellDialog.h">
      <Filter>Header Files</Filter>
    </ClInclude>
    <ClInclude Include="DMDiceRollerDialog.h">
      <Filter>Header Files</Filter>
    </ClInclude>
    <ClInclude Include="DMDungeonMonsterDialog.h">
      <Filter>Header Files</Filter>
    </ClInclude>
    <ClInclude Include="DMEventLoggerDialog.h">
      <Filter>Header Files</Filter>
    </ClInclude>
    <ClInclude Include="DMHPEditDialog.h">
      <Filter>Header Files</Filter>
    </ClInclude>
    <ClInclude Include="DMInitiativeDialog.h">
      <Filter>Header Files</Filter>
    </ClInclude>
    <ClInclude Include="DMInputDialog.h">
      <Filter>Header Files</Filter>
    </ClInclude>
    <ClInclude Include="DMInventoryDialog.h">
      <Filter>Header Files</Filter>
    </ClInclude>
    <ClInclude Include="DMLanguageSelectDialog.h">
      <Filter>Header Files</Filter>
    </ClInclude>
    <ClInclude Include="DMLoadFileDialog.h">
      <Filter>Header Files</Filter>
    </ClInclude>
    <ClInclude Include="DMMagicSwordPropertiesDialog.h">
      <Filter>Header Files</Filter>
    </ClInclude>
    <ClInclude Include="DMMapEditDialog.h">
      <Filter>Header Files</Filter>
    </ClInclude>
    <ClInclude Include="DMModifyValueDialog.h">
      <Filter>Header Files</Filter>
    </ClInclude>
    <ClInclude Include="DMMundaneTypeSelectorDialog.h">
      <Filter>Header Files</Filter>
    </ClInclude>
    <ClInclude Include="DMNPCViewDialog.h">
      <Filter>Header Files</Filter>
    </ClInclude>
    <ClInclude Include="DMPartyDialog.h">
      <Filter>Header Files</Filter>
    </ClInclude>
    <ClInclude Include="DMPartyLogDialog.h">
      <Filter>Header Files</Filter>
    </ClInclude>
    <ClInclude Include="DMPCDetailsDialog.h">
      <Filter>Header Files</Filter>
    </ClInclude>
    <ClInclude Include="DMRandomEncounterDialog.h">
      <Filter>Header Files</Filter>
    </ClInclude>
    <ClInclude Include="DMSaveConfirmDialog.h">
      <Filter>Header Files</Filter>
    </ClInclude>
    <ClInclude Include="DMScrollDetailsDialog.h">
      <Filter>Header Files</Filter>
    </ClInclude>
    <ClInclude Include="DMSFXEditorDialog.h">
      <Filter>Header Files</Filter>
    </ClInclude>
    <ClInclude Include="DMSFXMapperDialog.h">
      <Filter>Header Files</Filter>
    </ClInclude>
    <ClInclude Include="DMSoundboardDialog.h">
      <Filter>Header Files</Filter>
    </ClInclude>
    <ClInclude Include="DMSoundFXDialog.h">
      <Filter>Header Files</Filter>
    </ClInclude>
    <ClInclude Include="DMSpellDescDialog.h">
      <Filter>Header Files</Filter>
    </ClInclude>
    <ClInclude Include="DMSpellSelectorDialog.h">
      <Filter>Header Files</Filter>
    </ClInclude>
    <ClInclude Include="DMStringSelectorDialog.h">
      <Filter>Header Files</Filter>
    </ClInclude>
    <ClInclude Include="DMSubPartyDialog.h">
      <Filter>Header Files</Filter>
    </ClInclude>
    <ClInclude Include="DMTimeEditDialog.h">
      <Filter>Header Files</Filter>
    </ClInclude>
    <ClInclude Include="DMTreasureTypeDialog.h">
      <Filter>Header Files</Filter>
    </ClInclude>
    <ClInclude Include="DungeonGen.h">
      <Filter>Header Files</Filter>
    </ClInclude>
    <ClInclude Include="memdc.h">
      <Filter>Header Files</Filter>
    </ClInclude>
    <ClInclude Include="Resource.h">
      <Filter>Header Files</Filter>
    </ClInclude>
    <ClInclude Include="StdAfx.h">
      <Filter>Header Files</Filter>
    </ClInclude>
    <ClInclude Include="TransparentListBox.h">
      <Filter>Header Files</Filter>
    </ClInclude>
    <ClInclude Include="DMCustomWeaponDialog.h">
      <Filter>Header Files</Filter>
    </ClInclude>
    <ClInclude Include="DMTestDialog.h">
      <Filter>Header Files</Filter>
    </ClInclude>
    <ClInclude Include="DMItemDescriptionDialog.h">
      <Filter>Header Files</Filter>
    </ClInclude>
    <ClInclude Include="DMFileManagementDialog.h">
      <Filter>Header Files</Filter>
    </ClInclude>
    <ClInclude Include="DMNPCPortraitSelectDialog.h">
      <Filter>Header Files</Filter>
    </ClInclude>
    <ClInclude Include="DMEditMapLayersDialog.h">
      <Filter>Header Files</Filter>
    </ClInclude>
    <ClInclude Include="cDMDetachedMapDialog.h">
      <Filter>Header Files</Filter>
    </ClInclude>
    <ClInclude Include="cDMMapSizingDialog.h">
      <Filter>Header Files</Filter>
    </ClInclude>
    <ClInclude Include="cDMMapNameDialog.h">
      <Filter>Header Files</Filter>
    </ClInclude>
    <ClInclude Include="ImageEx.h">
      <Filter>Header Files</Filter>
    </ClInclude>
    <ClInclude Include="cDMMapSFXDialog.h">
      <Filter>Header Files</Filter>
    </ClInclude>
    <ClInclude Include="cDMWeatherDialog.h">
      <Filter>Header Files</Filter>
    </ClInclude>
    <ClInclude Include="cDMPDFViewDialog.h">
      <Filter>Header Files</Filter>
    </ClInclude>
    <ClInclude Include="pdfviewerctrl1.h">
      <Filter>Header Files</Filter>
    </ClInclude>
    <ClInclude Include="cDMCharacterPortraitDialog.h">
      <Filter>Header Files</Filter>
    </ClInclude>
    <ClInclude Include="DMCustomClassDialog.h">
      <Filter>Header Files</Filter>
    </ClInclude>
  </ItemGroup>
  <ItemGroup>
    <Image Include="res\bitmap2.bmp">
      <Filter>Resource Files</Filter>
    </Image>
    <Image Include="res\calendar_cell.bmp">
      <Filter>Resource Files</Filter>
    </Image>
    <Image Include="res\camera_icon.bmp">
      <Filter>Resource Files</Filter>
    </Image>
    <Image Include="res\cleric.bmp">
      <Filter>Resource Files</Filter>
    </Image>
    <Image Include="res\d100_button.bmp">
      <Filter>Resource Files</Filter>
    </Image>
    <Image Include="res\d10_button.bmp">
      <Filter>Resource Files</Filter>
    </Image>
    <Image Include="res\d12_button.bmp">
      <Filter>Resource Files</Filter>
    </Image>
    <Image Include="res\d20.ico">
      <Filter>Resource Files</Filter>
    </Image>
    <Image Include="res\d20_button.bmp">
      <Filter>Resource Files</Filter>
    </Image>
    <Image Include="res\d4_button.bmp">
      <Filter>Resource Files</Filter>
    </Image>
    <Image Include="res\d6_button.bmp">
      <Filter>Resource Files</Filter>
    </Image>
    <Image Include="res\d8_button.bmp">
      <Filter>Resource Files</Filter>
    </Image>
    <Image Include="res\DM Helper.ico">
      <Filter>Resource Files</Filter>
    </Image>
    <Image Include="res\DMGuide.bmp">
      <Filter>Resource Files</Filter>
    </Image>
    <Image Include="res\down_arrow.bmp">
      <Filter>Resource Files</Filter>
    </Image>
    <Image Include="res\down_arrow_pressed.bmp">
      <Filter>Resource Files</Filter>
    </Image>
    <Image Include="res\dX_button.bmp">
      <Filter>Resource Files</Filter>
    </Image>
    <Image Include="res\expand_down.bmp">
      <Filter>Resource Files</Filter>
    </Image>
    <Image Include="res\expand_up.bmp">
      <Filter>Resource Files</Filter>
    </Image>
    <Image Include="res\fighter.bmp">
      <Filter>Resource Files</Filter>
    </Image>
    <Image Include="res\Furyondy.bmp">
      <Filter>Resource Files</Filter>
    </Image>
    <Image Include="res\inventory.bmp">
      <Filter>Resource Files</Filter>
    </Image>
    <Image Include="res\Keoland.bmp">
      <Filter>Resource Files</Filter>
    </Image>
    <Image Include="res\large_left_black_button.bmp">
      <Filter>Resource Files</Filter>
    </Image>
    <Image Include="res\large_left_button.bmp">
      <Filter>Resource Files</Filter>
    </Image>
    <Image Include="res\large_right_black_button.bmp">
      <Filter>Resource Files</Filter>
    </Image>
    <Image Include="res\large_right_button.bmp">
      <Filter>Resource Files</Filter>
    </Image>
    <Image Include="res\left_icon.bmp">
      <Filter>Resource Files</Filter>
    </Image>
    <Image Include="res\magicuser.bmp">
      <Filter>Resource Files</Filter>
    </Image>
    <Image Include="res\moon_cells.bmp">
      <Filter>Resource Files</Filter>
    </Image>
    <Image Include="res\multiclass.bmp">
      <Filter>Resource Files</Filter>
    </Image>
    <Image Include="res\parchment.bmp">
      <Filter>Resource Files</Filter>
    </Image>
    <Image Include="res\PlayersHandbook.bmp">
      <Filter>Resource Files</Filter>
    </Image>
    <Image Include="res\print_icon.bmp">
      <Filter>Resource Files</Filter>
    </Image>
    <Image Include="res\right_icon.bmp">
      <Filter>Resource Files</Filter>
    </Image>
    <Image Include="res\save_icon.bmp">
      <Filter>Resource Files</Filter>
    </Image>
    <Image Include="res\scroll_gray.bmp">
      <Filter>Resource Files</Filter>
    </Image>
    <Image Include="res\spellbook.bmp">
      <Filter>Resource Files</Filter>
    </Image>
    <Image Include="res\swap_icon.bmp">
      <Filter>Resource Files</Filter>
    </Image>
    <Image Include="res\thief.bmp">
      <Filter>Resource Files</Filter>
    </Image>
    <Image Include="res\up_arrow.bmp">
      <Filter>Resource Files</Filter>
    </Image>
    <Image Include="res\up_arrow_pressed.bmp">
      <Filter>Resource Files</Filter>
    </Image>
    <Image Include="res\folder_icon.bmp">
      <Filter>Resource Files</Filter>
    </Image>
    <Image Include="res\up_folder_bitmap.bmp">
      <Filter>Resource Files</Filter>
    </Image>
    <Image Include="res\mini_portrait_backdrop.bmp">
      <Filter>Resource Files</Filter>
    </Image>
    <Image Include="res\npc_portrait_backdrop.bmp">
      <Filter>Resource Files</Filter>
    </Image>
    <Image Include="res\fog_of_war.bmp">
      <Filter>Resource Files</Filter>
    </Image>
    <Image Include="res\sfx_button.bmp">
      <Filter>Resource Files</Filter>
    </Image>
    <Image Include="res\lighting_alpha.bmp">
      <Filter>Resource Files</Filter>
    </Image>
    <Image Include="res\rain_bitmap.bmp">
      <Filter>Resource Files</Filter>
    </Image>
    <Image Include="res\snow_bitmap.bmp">
      <Filter>Resource Files</Filter>
    </Image>
    <Image Include="res\rain_splat.bmp">
      <Filter>Resource Files</Filter>
    </Image>
    <Image Include="res\char_sheet_base.bmp">
      <Filter>Resource Files</Filter>
    </Image>
    <Image Include="res\wide_left_button.bmp">
      <Filter>Resource Files</Filter>
    </Image>
    <Image Include="res\wide_right_button.bmp">
      <Filter>Resource Files</Filter>
    </Image>
    <Image Include="res\zoom_in_button.bmp">
      <Filter>Resource Files</Filter>
    </Image>
    <Image Include="res\zoom_out_button.bmp">
      <Filter>Resource Files</Filter>
    </Image>
  </ItemGroup>
  <ItemGroup>
    <None Include="res\DM Helper.rc2">
      <Filter>Resource Files</Filter>
    </None>
    <None Include="ClassDiagram1.cd" />
  </ItemGroup>
  <ItemGroup>
    <Font Include="Release\Data\fonts\CloisterBlack.ttf" />
  </ItemGroup>
  <ItemGroup>
    <Text Include="ReadMe.txt" />
  </ItemGroup>
</Project>